
Microsoft Visual Studio Solution File, Format Version 12.00
# Visual Studio Version 16
VisualStudioVersion = 16.0.29519.87
MinimumVisualStudioVersion = 10.0.40219.1
Project("{F184B08F-C81C-45F6-A57F-5ABD9991F28F}") = "TestGithub", "TestGithub\TestGithub.vbproj", "{57645DC1-4D5F-4BCB-8432-E191A2F49A1A}"
EndProject
Global
	GlobalSection(SolutionConfigurationPlatforms) = preSolution
		Debug|Any CPU = Debug|Any CPU
		Release|Any CPU = Release|Any CPU
	EndGlobalSection
	GlobalSection(ProjectConfigurationPlatforms) = postSolution
		{57645DC1-4D5F-4BCB-8432-E191A2F49A1A}.Debug|Any CPU.ActiveCfg = Debug|Any CPU
		{57645DC1-4D5F-4BCB-8432-E191A2F49A1A}.Debug|Any CPU.Build.0 = Debug|Any CPU
		{57645DC1-4D5F-4BCB-8432-E191A2F49A1A}.Release|Any CPU.ActiveCfg = Release|Any CPU
		{57645DC1-4D5F-4BCB-8432-E191A2F49A1A}.Release|Any CPU.Build.0 = Release|Any CPU
	EndGlobalSection
	GlobalSection(SolutionProperties) = preSolution
		HideSolutionNode = FALSE
	EndGlobalSection
	GlobalSection(ExtensibilityGlobals) = postSolution
		SolutionGuid = {149AB06E-FF5D-4BCA-9388-DD3B579ACA78}
	EndGlobalSection
EndGlobal
